
Microsoft Visual Studio Solution File, Format Version 12.00
# Visual Studio Version 17
VisualStudioVersion = 17.8.34408.163
MinimumVisualStudioVersion = 10.0.40219.1
Project("{FAE04EC0-301F-11D3-BF4B-00C04F79EFBC}") = "jurnal_mod3_Arinza Aurelvia", "jurnal_mod3_Arinza Aurelvia\jurnal_mod3_Arinza Aurelvia.csproj", "{B077D4EC-CFD8-4A1E-99D7-C944261B40DD}"
EndProject
Global
	GlobalSection(SolutionConfigurationPlatforms) = preSolution
		Debug|Any CPU = Debug|Any CPU
		Release|Any CPU = Release|Any CPU
	EndGlobalSection
	GlobalSection(ProjectConfigurationPlatforms) = postSolution
		{B077D4EC-CFD8-4A1E-99D7-C944261B40DD}.Debug|Any CPU.ActiveCfg = Debug|Any CPU
		{B077D4EC-CFD8-4A1E-99D7-C944261B40DD}.Debug|Any CPU.Build.0 = Debug|Any CPU
		{B077D4EC-CFD8-4A1E-99D7-C944261B40DD}.Release|Any CPU.ActiveCfg = Release|Any CPU
		{B077D4EC-CFD8-4A1E-99D7-C944261B40DD}.Release|Any CPU.Build.0 = Release|Any CPU
	EndGlobalSection
	GlobalSection(SolutionProperties) = preSolution
		HideSolutionNode = FALSE
	EndGlobalSection
	GlobalSection(ExtensibilityGlobals) = postSolution
		SolutionGuid = {D090BEE9-6459-4F86-A456-BEC7D524A4AE}
	EndGlobalSection
EndGlobal
